{
    "_meta": {
        "hash": {
            "sha256": "0e7290417d77fdce541f44cbe971e0a2ba66f16e4b50868b20056cb7f5d2b355"
        },
        "pipfile-spec": 6,
        "requires": {
            "python_version": "2.7"
        },
        "sources": [
            {
                "name": "pypi",
                "url": "https://pypi.org/simple",
                "verify_ssl": true
            }
        ]
    },
    "default": {
        "antimony": {
            "hashes": [
                "sha256:075fd24cc8e06485883c0bc31bcc6a3f7752769a0d39606c12afec2c2447ee72",
                "sha256:10258b432981f775159dcea09d4ff457e76d4c233f53b276059f592b3380c57c",
                "sha256:16f11ed357ec57b50d3ba3317c9c4881f8a118177342a1df58b7d17142d07c04",
                "sha256:28c29f802fda449c148eb5e243e184dedb3a3aa7d13df881686dc75188cbac0a",
                "sha256:5718bf2dc8d4fe4bffe2c06008508e03e38a636b137c9b8c962ca41de6f967d5",
                "sha256:5c8e79b6402f230d09d94e30bf6bc9b8f853899e7f198a2fbabc7c0328bc33fb",
                "sha256:5c9d63e1033ba693a7514afa207e0fcd6f4ff33a05157fd4434459ac6972aa03",
                "sha256:621a5eeef08c2ce714593da3e94e4e72339aa1bccb366d7f532e31cdfb538e10",
                "sha256:73bea44496f7fcb5591cdb1f34c6316907b3a7500fd4264d79654a61dafbfaa5",
                "sha256:7615cc092b22a2401da23fba9754d1be30ab84944369ba872dde7d4cba59c764",
                "sha256:8ed38a1af8eebe02772b3e0acc381a67e75db8ec13ef85d49031f8b192dfdc07",
                "sha256:c208cd9d0dd2c97dc9c39927349fa878c93489f7035c2a8b9db48ea85a057865",
                "sha256:cd5af00ca4bc8af302cc1bf29f518aa2869f3b9bdb297a8b953109d9c5cc954d",
                "sha256:cdf721f1eaefe6f8eb92dbeb22f5c98e7b9f571d1a05717575db1805d59c412e",
                "sha256:d443cc61c73ec78b5ed0336cfdda75260e215dfc219a33a05bf4c21966e1c21a",
                "sha256:d5abc32315d24f872b1e4acb3f8927d86a7e5f38d40acae0e0a195211eedc46e"
            ],
            "version": "==2.9.4"
        },
        "appdirs": {
            "hashes": [
                "sha256:9e5896d1372858f8dd3344faf4e5014d21849c756c8d5701f78f8a103b372d92",
                "sha256:d8b24664561d0d34ddfaec54636d502d7cea6e29c3eaf68f3df6180863e2166e"
            ],
            "version": "==1.4.3"
        },
        "appnope": {
            "hashes": [
                "sha256:5b26757dc6f79a3b7dc9fab95359328d5747fcb2409d331ea66d0272b90ab2a0",
                "sha256:8b995ffe925347a2138d7ac0fe77155e4311a0ea6d6da4f5128fe4b3cbe5ed71"
            ],
            "markers": "sys_platform == 'darwin'",
            "version": "==0.1.0"
        },
        "appscript": {
            "hashes": [
                "sha256:24eae98bb50bd6788be9e7ce03cea1187788d63e70712eedcf186dc1b9fb6578"
            ],
            "version": "==1.0.1"
        },
        "atomicwrites": {
            "hashes": [
                "sha256:0312ad34fcad8fac3704d441f7b317e50af620823353ec657a53e981f92920c0",
                "sha256:ec9ae8adaae229e4f8446952d204a3e4b5fdd2d099f9be3aaf556120135fb3ee"
            ],
            "version": "==1.2.1"
        },
        "attrs": {
            "hashes": [
                "sha256:10cbf6e27dbce8c30807caf056c8eb50917e0eaafe86347671b57254006c3e69",
                "sha256:ca4be454458f9dec299268d472aaa5a11f67a4ff70093396e1ceae9c76cf4bbb"
            ],
            "version": "==18.2.0"
        },
        "backcall": {
            "hashes": [
                "sha256:38ecd85be2c1e78f77fd91700c76e14667dc21e2713b63876c0eb901196e01e4",
                "sha256:bbbf4b1e5cd2bdb08f915895b51081c041bac22394fdfcfdfbe9f14b77c08bf2"
            ],
            "version": "==0.1.0"
        },
        "beautifulsoup": {
            "hashes": [
                "sha256:6a8cb4401111e011b579c8c52a51cdab970041cc543814bbd9577a4529fe1cdb"
            ],
            "index": "pypi",
            "version": "==3.2.1"
        },
        "beautifulsoup4": {
            "hashes": [
                "sha256:194ec62a25438adcb3fdb06378b26559eda1ea8a747367d34c33cef9c7f48d57",
                "sha256:90f8e61121d6ae58362ce3bed8cd997efb00c914eae0ff3d363c32f9a9822d10",
                "sha256:f0abd31228055d698bb392a826528ea08ebb9959e6bea17c606fd9c9009db938"
            ],
            "index": "pypi",
            "version": "==4.6.3"
        },
        "bs4": {
            "hashes": [
                "sha256:36ecea1fd7cc5c0c6e4a1ff075df26d50da647b75376626cc186e2212886dd3a"
            ],
            "index": "pypi",
            "version": "==0.0.1"
        },
        "certifi": {
            "hashes": [
                "sha256:339dc09518b07e2fa7eda5450740925974815557727d6bd35d319c1524a04a4c",
                "sha256:6d58c986d22b038c8c0df30d639f23a3e6d172a05c3583e766f4c0b785c0986a"
            ],
            "version": "==2018.10.15"
        },
        "chardet": {
            "hashes": [
                "sha256:84ab92ed1c4d4f16916e05906b6b75a6c0fb5db821cc65e70cbd64a3e2a5eaae",
                "sha256:fc323ffcaeaed0e0a02bf4d117757b98aed530d9ed4531e3e15460124c106691"
            ],
            "version": "==3.0.4"
        },
        "click": {
            "hashes": [
                "sha256:2335065e6395b9e67ca716de5f7526736bfa6ceead690adf616d925bdc622b13",
                "sha256:5b94b49521f6456670fdb30cd82a4eca9412788a93fa6dd6df72c94d5a8ff2d7"
            ],
            "version": "==7.0"
        },
        "cycler": {
            "hashes": [
                "sha256:1d8a5ae1ff6c5cf9b93e8811e581232ad8920aeec647c37316ceac982b08cb2d",
                "sha256:cd7b2d1018258d7247a71425e9f26463dfb444d411c39569972f4ce586b0c9d8"
            ],
            "version": "==0.10.0"
        },
        "dash": {
            "hashes": [
                "sha256:7a042c9ce6829f7de7f36002225640f6766b0228a7e7639b06967f098ac50a63"
            ],
            "index": "pypi",
            "version": "==0.28.5"
        },
        "dash-core-components": {
            "hashes": [
                "sha256:d93419dd0a03c5ade48ad87c3361c2ad86036a2f884b7aeb62be2388a498bd30"
            ],
            "index": "pypi",
            "version": "==0.24.0rc2"
        },
        "dash-html-components": {
            "hashes": [
                "sha256:daf80a0b9dd244bb34e47381a9766617451301ac5aa204faa7e7f069a52d93f9"
            ],
            "index": "pypi",
            "version": "==0.13.2"
        },
        "dash-renderer": {
            "hashes": [
                "sha256:639dc9fcbb5e4b41766ee1af6be53583aa582a75373858a04a5aa39ce20fb531"
            ],
            "version": "==0.14.3"
        },
        "decorator": {
            "hashes": [
                "sha256:2c51dff8ef3c447388fe5e4453d24a2bf128d3a4c32af3fabef1f01c6851ab82",
                "sha256:c39efa13fbdeb4506c476c9b3babf6a718da943dab7811c206005a4a956c080c"
            ],
            "version": "==4.3.0"
        },
        "enum34": {
            "hashes": [
                "sha256:2d81cbbe0e73112bdfe6ef8576f2238f2ba27dd0d55752a776c41d38b7da2850",
                "sha256:644837f692e5f550741432dd3f223bbb9852018674981b1664e5dc339387588a",
                "sha256:6bd0f6ad48ec2aa117d3d141940d484deccda84d4fcd884f5c3d93c23ecd8c79",
                "sha256:8ad8c4783bf61ded74527bffb48ed9b54166685e4230386a9ed9b1279e2df5b1"
            ],
            "markers": "python_version == '2.7'",
            "version": "==1.1.6"
        },
        "et-xmlfile": {
            "hashes": [
                "sha256:614d9722d572f6246302c4491846d2c393c199cfa4edc9af593437691683335b"
            ],
            "version": "==1.0.1"
        },
        "flask": {
            "hashes": [
                "sha256:2271c0070dbcb5275fad4a82e29f23ab92682dc45f9dfbc22c02ba9b9322ce48",
                "sha256:a080b744b7e345ccfcbc77954861cb05b3c63786e93f2b3875e0913d44b43f05"
            ],
            "version": "==1.0.2"
        },
        "flask-compress": {
            "hashes": [
                "sha256:468693f4ddd11ac6a41bca4eb5f94b071b763256d54136f77957cfee635badb3"
            ],
            "version": "==1.4.0"
        },
        "funcsigs": {
            "hashes": [
                "sha256:330cc27ccbf7f1e992e69fef78261dc7c6569012cf397db8d3de0234e6c937ca",
                "sha256:a7bb0f2cf3a3fd1ab2732cb49eba4252c2af4240442415b4abce3b87022a8f50"
            ],
            "markers": "python_version < '3.0'",
            "version": "==1.0.2"
        },
        "functools32": {
            "hashes": [
                "sha256:89d824aa6c358c421a234d7f9ee0bd75933a67c29588ce50aaa3acdf4d403fa0",
                "sha256:f6253dfbe0538ad2e387bd8fdfd9293c925d63553f5813c4e587745416501e6d"
            ],
            "markers": "python_version == '2.7'",
            "version": "==3.2.3.post2"
        },
        "idna": {
            "hashes": [
                "sha256:156a6814fb5ac1fc6850fb002e0852d56c0c8d2531923a51032d1b70760e186e",
                "sha256:684a38a6f903c1d71d6d5fac066b58d7768af4de2b832e426ec79c30daa94a16"
            ],
            "version": "==2.7"
        },
        "ipykernel": {
            "hashes": [
                "sha256:0aeb7ec277ac42cc2b59ae3d08b10909b2ec161dc6908096210527162b53675d",
                "sha256:0fc0bf97920d454102168ec2008620066878848fcfca06c22b669696212e292f"
            ],
            "version": "==5.1.0"
        },
        "ipython": {
            "hashes": [
                "sha256:a5781d6934a3341a1f9acb4ea5acdc7ea0a0855e689dbe755d070ca51e995435",
                "sha256:b10a7ddd03657c761fc503495bc36471c8158e3fc948573fb9fe82a7029d8efd"
            ],
            "version": "==7.1.1"
        },
        "ipython-genutils": {
            "hashes": [
                "sha256:72dd37233799e619666c9f639a9da83c34013a73e8bbc79a7a6348d93c61fab8",
                "sha256:eb2e116e75ecef9d4d228fdc66af54269afa26ab4463042e33785b887c628ba8"
            ],
            "version": "==0.2.0"
        },
        "itsdangerous": {
            "hashes": [
                "sha256:321b033d07f2a4136d3ec762eac9f16a10ccd60f53c0c91af90217ace7ba1f19",
                "sha256:b12271b2047cb23eeb98c8b5622e2e5c5e9abd9784a153e9d8ef9cb4dd09d749"
            ],
            "version": "==1.1.0"
        },
        "jdcal": {
            "hashes": [
                "sha256:948fb8d079e63b4be7a69dd5f0cd618a0a57e80753de8248fd786a8a20658a07",
                "sha256:ea0a5067c5f0f50ad4c7bdc80abad3d976604f6fb026b0b3a17a9d84bb9046c9"
            ],
            "version": "==1.4"
        },
        "jedi": {
            "hashes": [
                "sha256:0191c447165f798e6a730285f2eee783fff81b0d3df261945ecb80983b5c3ca7",
                "sha256:b7493f73a2febe0dc33d51c99b474547f7f6c0b2c8fb2b21f453eef204c12148"
            ],
            "version": "==0.13.1"
        },
        "jinja2": {
            "hashes": [
                "sha256:74c935a1b8bb9a3947c50a54766a969d4846290e1e788ea44c1392163723c3bd",
                "sha256:f84be1bb0040caca4cea721fcbbbbd61f9be9464ca236387158b0feea01914a4"
            ],
            "version": "==2.10"
        },
        "joblib": {
            "hashes": [
                "sha256:11cdfd38cdb71768149e1373f2509e9b4fc1ec6bc92f874cb515b25f2d69f8f4",
                "sha256:142e74bee7b9dfad75c7dad24c4295b9084a6788116dd149e2fc7daf0db25675"
            ],
            "index": "pypi",
            "version": "==0.12.5"
        },
        "jsonschema": {
            "hashes": [
                "sha256:000e68abd33c972a5248544925a0cae7d1125f9bf6c58280d37546b946769a08",
                "sha256:6ff5f3180870836cae40f06fa10419f557208175f13ad7bc26caa77beb1f6e02"
            ],
            "version": "==2.6.0"
        },
        "jupyter-client": {
            "hashes": [
                "sha256:27befcf0446b01e29853014d6a902dd101ad7d7f94e2252b1adca17c3466b761",
                "sha256:59e6d791e22a8002ad0e80b78c6fd6deecab4f9e1b1aa1a22f4213de271b29ea"
            ],
            "version": "==5.2.3"
        },
        "jupyter-core": {
            "hashes": [
                "sha256:927d713ffa616ea11972534411544589976b2493fc7e09ad946e010aa7eb9970",
                "sha256:ba70754aa680300306c699790128f6fbd8c306ee5927976cbe48adacf240c0b7"
            ],
            "version": "==4.4.0"
        },
        "kiwisolver": {
            "hashes": [
                "sha256:0ee4ed8b3ae8f5f712b0aa9ebd2858b5b232f1b9a96b0943dceb34df2a223bc3",
                "sha256:0f7f532f3c94e99545a29f4c3f05637f4d2713e7fd91b4dd8abfc18340b86cd5",
                "sha256:1a078f5dd7e99317098f0e0d490257fd0349d79363e8c923d5bb76428f318421",
                "sha256:1aa0b55a0eb1bd3fa82e704f44fb8f16e26702af1a073cc5030eea399e617b56",
                "sha256:2874060b91e131ceeff00574b7c2140749c9355817a4ed498e82a4ffa308ecbc",
                "sha256:379d97783ba8d2934d52221c833407f20ca287b36d949b4bba6c75274bcf6363",
                "sha256:3b791ddf2aefc56382aadc26ea5b352e86a2921e4e85c31c1f770f527eb06ce4",
                "sha256:4329008a167fac233e398e8a600d1b91539dc33c5a3eadee84c0d4b04d4494fa",
                "sha256:45813e0873bbb679334a161b28cb9606d9665e70561fd6caa8863e279b5e464b",
                "sha256:53a5b27e6b5717bdc0125338a822605084054c80f382051fb945d2c0e6899a20",
                "sha256:574f24b9805cb1c72d02b9f7749aa0cc0b81aa82571be5201aa1453190390ae5",
                "sha256:66f82819ff47fa67a11540da96966fb9245504b7f496034f534b81cacf333861",
                "sha256:79e5fe3ccd5144ae80777e12973027bd2f4f5e3ae8eb286cabe787bed9780138",
                "sha256:83410258eb886f3456714eea4d4304db3a1fc8624623fc3f38a487ab36c0f653",
                "sha256:8b6a7b596ce1d2a6d93c3562f1178ebd3b7bb445b3b0dd33b09f9255e312a965",
                "sha256:9576cb63897fbfa69df60f994082c3f4b8e6adb49cccb60efb2a80a208e6f996",
                "sha256:95a25d9f3449046ecbe9065be8f8380c03c56081bc5d41fe0fb964aaa30b2195",
                "sha256:a424f048bebc4476620e77f3e4d1f282920cef9bc376ba16d0b8fe97eec87cde",
                "sha256:aaec1cfd94f4f3e9a25e144d5b0ed1eb8a9596ec36d7318a504d813412563a85",
                "sha256:acb673eecbae089ea3be3dcf75bfe45fc8d4dcdc951e27d8691887963cf421c7",
                "sha256:b15bc8d2c2848a4a7c04f76c9b3dc3561e95d4dabc6b4f24bfabe5fd81a0b14f",
                "sha256:b1c240d565e977d80c0083404c01e4d59c5772c977fae2c483f100567f50847b",
                "sha256:c595693de998461bcd49b8d20568c8870b3209b8ea323b2a7b0ea86d85864694",
                "sha256:ce3be5d520b4d2c3e5eeb4cd2ef62b9b9ab8ac6b6fedbaa0e39cdb6f50644278",
                "sha256:e0f910f84b35c36a3513b96d816e6442ae138862257ae18a0019d2fc67b041dc",
                "sha256:ea36e19ac0a483eea239320aef0bd40702404ff8c7e42179a2d9d36c5afcb55c",
                "sha256:efabbcd4f406b532206b8801058c8bab9e79645b9880329253ae3322b7b02cd5",
                "sha256:f923406e6b32c86309261b8195e24e18b6a8801df0cfc7814ac44017bfcb3939"
            ],
            "version": "==1.0.1"
        },
        "libroadrunner": {
            "hashes": [
                "sha256:0d200f3cd6e303c1dd619306c4c34617ca4d72027360ef491d7e8c8450f8bd1a",
                "sha256:0d6fe457ead086b0755ebc5ce8a475e7ed12109b36ac1d49419bc35809c9d3b2",
                "sha256:2f21e2e22fd20165771082508ebc2793a03dcb3643271a811c22ef41e5aca8a3",
                "sha256:39efff08ec947d351e7e24e2062870596cbcfc1d11ce3e6eb6e40b93919361e7",
                "sha256:3fc4aed123358d0ebdbb488ad6eb787e8c42e2f382ad1f132e934de88c39e50f",
                "sha256:6797182eaa45072d7499b78a09dbb8a70086c33a43e2e87b190f6113f8631ff4",
                "sha256:7ad360efd4b172f511407305b05c2e17e5478e33be6f9c602baf0d2206bfe7a6",
                "sha256:7eed6d86af1853af3bacb0adc72b1b8c42418c159196c583a5f2929e5a486509",
                "sha256:8b1b61e487ef74f32799ca91303f5475668a9acce7a42808c134bf4c5dae8f1f",
                "sha256:ad79907ab099b58dfacbf17fb87b794e13d07cfb432d594dca0551885afd3b83",
                "sha256:cbf6caba3af6fd36675367e30896c8c6c1c0158a1fd5adca67969dcbf558029f",
                "sha256:da9bfa1ddc1b4f199fa573e16f840adcc2fce4a4b4be2db9a9d10ef288ddadbe",
                "sha256:fc4b15596d50ff778ffacbd334371ce97e4b68b4ccafd3331844fbd9fe55d253",
                "sha256:ffa092337b02c0f1b856b9b6f2a147479e02d984aa7e62d4b7cab8e0aa0767a1"
            ],
            "version": "==1.5.2"
        },
        "markupsafe": {
            "hashes": [
                "sha256:a6be69091dac236ea9c6bc7d012beab42010fa914c459791d627dad4910eb665"
            ],
            "version": "==1.0"
        },
        "matplotlib": {
            "hashes": [
                "sha256:66a6b7264fb200dd217ebc95c53d59b5e5fa8cac6b8a650a50ed05438667ff32",
                "sha256:69ff0d7139f3886be552ff29478c886b461081c0afb3a3ad46afb1a445bae722",
                "sha256:70f8782c50ac2c7617aad0fa5ba59fc49f690a851d6afc0178813c49767644dd",
                "sha256:716caa55ebfb82d66f7a5584ad818b349998d9cf7e6282e5eda5fdddf4752742",
                "sha256:91bf4be2477aa7408131ae1a499b1c8904ea8eb1eb3f88412b4809ebe0698868",
                "sha256:d1bd008db1e389d14523345719c30fd0fb3c724b71ae098360c3c8e85b7c560f",
                "sha256:d419a5fb5654f620756ad9883bc3f1db6875f6f2760c367bee775357d1bbb38c",
                "sha256:dc5b097546eeadc3a91eee35a1dbbf876e78ebed83b934c391f0f14605234c76",
                "sha256:de25d893f54e1d50555e4a4babf66d337917499c33c78a24216838b3d2c6bf3b",
                "sha256:e4ad891787ad2f181e7582997520a19912990b5d0644b1fdaae365b6699b953f",
                "sha256:e69ab0def9b053f4ea5800306ff9c671776a2d151ec6b206465309bb468c0bcc",
                "sha256:e9d37b22467e0e4d6f989892a998db5f59ddbf3ab811b515585dfdde9aacc5f9",
                "sha256:ee4471dd1c5ed03f2f46149af351b7a2e6618eced329660f1b4b8bf573422b70"
            ],
            "index": "pypi",
            "version": "==3.0.1"
        },
        "more-itertools": {
            "hashes": [
                "sha256:c187a73da93e7a8acc0001572aebc7e3c69daf7bf6881a2cea10650bd4420092",
                "sha256:c476b5d3a34e12d40130bc2f935028b5f636df8f372dc2c1c01dc19681b2039e",
                "sha256:fcbfeaea0be121980e15bc97b3817b5202ca73d0eae185b4550cbfce2a3ebb3d"
            ],
            "version": "==4.3.0"
        },
        "multiprocessing": {
            "hashes": [
                "sha256:109f4c89ea5c80814817d6636be5e1ec01f8567fdff84ea058ceeae46dbe4bd3",
                "sha256:3e74e3d6a4df52299392498b85427f3eb6d3f93d249d8ba649fe6a2135b3a73d",
                "sha256:b6369e44b62543b1be3afdbb4c1c2d9b1b290a7ed67c6a20f8fd014b5b727760",
                "sha256:d5f56e123606e8bc792164fe7bd12a5657533f1b936abb65b48385a8d8193176",
                "sha256:ef3b81ad85d7de252e5491b1daac028e17f9741cbe3625032e6eaa4ad4c79900"
            ],
            "index": "pypi",
            "version": "==2.6.2.1"
        },
        "nbformat": {
            "hashes": [
                "sha256:b9a0dbdbd45bb034f4f8893cafd6f652ea08c8c1674ba83f2dc55d3955743b0b",
                "sha256:f7494ef0df60766b7cabe0a3651556345a963b74dbc16bc7c18479041170d402"
            ],
            "version": "==4.4.0"
        },
        "numpy": {
            "hashes": [
                "sha256:0df89ca13c25eaa1621a3f09af4c8ba20da849692dcae184cb55e80952c453fb",
                "sha256:154c35f195fd3e1fad2569930ca51907057ae35e03938f89a8aedae91dd1b7c7",
                "sha256:18e84323cdb8de3325e741a7a8dd4a82db74fde363dce32b625324c7b32aa6d7",
                "sha256:1e8956c37fc138d65ded2d96ab3949bd49038cc6e8a4494b1515b0ba88c91565",
                "sha256:23557bdbca3ccbde3abaa12a6e82299bc92d2b9139011f8c16ca1bb8c75d1e95",
                "sha256:24fd645a5e5d224aa6e39d93e4a722fafa9160154f296fd5ef9580191c755053",
                "sha256:36e36b6868e4440760d4b9b44587ea1dc1f06532858d10abba98e851e154ca70",
                "sha256:3d734559db35aa3697dadcea492a423118c5c55d176da2f3be9c98d4803fc2a7",
                "sha256:416a2070acf3a2b5d586f9a6507bb97e33574df5bd7508ea970bbf4fc563fa52",
                "sha256:4a22dc3f5221a644dfe4a63bf990052cc674ef12a157b1056969079985c92816",
                "sha256:4d8d3e5aa6087490912c14a3c10fbdd380b40b421c13920ff468163bc50e016f",
                "sha256:4f41fd159fba1245e1958a99d349df49c616b133636e0cf668f169bce2aeac2d",
                "sha256:561ef098c50f91fbac2cc9305b68c915e9eb915a74d9038ecf8af274d748f76f",
                "sha256:56994e14b386b5c0a9b875a76d22d707b315fa037affc7819cda08b6d0489756",
                "sha256:73a1f2a529604c50c262179fcca59c87a05ff4614fe8a15c186934d84d09d9a5",
                "sha256:7da99445fd890206bfcc7419f79871ba8e73d9d9e6b82fe09980bc5bb4efc35f",
                "sha256:99d59e0bcadac4aa3280616591fb7bcd560e2218f5e31d5223a2e12a1425d495",
                "sha256:a4cc09489843c70b22e8373ca3dfa52b3fab778b57cf81462f1203b0852e95e3",
                "sha256:a61dc29cfca9831a03442a21d4b5fd77e3067beca4b5f81f1a89a04a71cf93fa",
                "sha256:b1853df739b32fa913cc59ad9137caa9cc3d97ff871e2bbd89c2a2a1d4a69451",
                "sha256:b1f44c335532c0581b77491b7715a871d0dd72e97487ac0f57337ccf3ab3469b",
                "sha256:b261e0cb0d6faa8fd6863af26d30351fd2ffdb15b82e51e81e96b9e9e2e7ba16",
                "sha256:c857ae5dba375ea26a6228f98c195fec0898a0fd91bcf0e8a0cae6d9faf3eca7",
                "sha256:cf5bb4a7d53a71bb6a0144d31df784a973b36d8687d615ef6a7e9b1809917a9b",
                "sha256:db9814ff0457b46f2e1d494c1efa4111ca089e08c8b983635ebffb9c1573361f",
                "sha256:df04f4bad8a359daa2ff74f8108ea051670cafbca533bb2636c58b16e962989e",
                "sha256:ecf81720934a0e18526177e645cbd6a8a21bb0ddc887ff9738de07a1df5c6b61",
                "sha256:edfa6fba9157e0e3be0f40168eb142511012683ac3dc82420bee4a3f3981b30e"
            ],
            "index": "pypi",
            "version": "==1.15.4"
        },
        "openpyxl": {
            "hashes": [
                "sha256:022c0f3fa1e873cc0ba20651c54dd5e6276fc4ff150b4060723add4fc448645e"
            ],
            "index": "pypi",
            "version": "==2.5.9"
        },
        "pandas": {
            "hashes": [
                "sha256:11975fad9edbdb55f1a560d96f91830e83e29bed6ad5ebf506abda09818eaf60",
                "sha256:12e13d127ca1b585dd6f6840d3fe3fa6e46c36a6afe2dbc5cb0b57032c902e31",
                "sha256:1c87fcb201e1e06f66e23a61a5fea9eeebfe7204a66d99df24600e3f05168051",
                "sha256:242e9900de758e137304ad4b5663c2eff0d798c2c3b891250bd0bd97144579da",
                "sha256:26c903d0ae1542890cb9abadb4adcb18f356b14c2df46e4ff657ae640e3ac9e7",
                "sha256:2e1e88f9d3e5f107b65b59cd29f141995597b035d17cc5537e58142038942e1a",
                "sha256:31b7a48b344c14691a8e92765d4023f88902ba3e96e2e4d0364d3453cdfd50db",
                "sha256:4fd07a932b4352f8a8973761ab4e84f965bf81cc750fb38e04f01088ab901cb8",
                "sha256:5b24ca47acf69222e82530e89111dd9d14f9b970ab2cd3a1c2c78f0c4fbba4f4",
                "sha256:647b3b916cc8f6aeba240c8171be3ab799c3c1b2ea179a3be0bd2712c4237553",
                "sha256:66b060946046ca27c0e03e9bec9bba3e0b918bafff84c425ca2cc2e157ce121e",
                "sha256:6efa9fa6e1434141df8872d0fa4226fc301b17aacf37429193f9d70b426ea28f",
                "sha256:be4715c9d8367e51dbe6bc6d05e205b1ae234f0dc5465931014aa1c4af44c1ba",
                "sha256:bea90da782d8e945fccfc958585210d23de374fa9294a9481ed2abcef637ebfc",
                "sha256:d318d77ab96f66a59e792a481e2701fba879e1a453aefeebdb17444fe204d1ed",
                "sha256:d785fc08d6f4207437e900ffead930a61e634c5e4f980ba6d3dc03c9581748c7",
                "sha256:de9559287c4fe8da56e8c3878d2374abc19d1ba2b807bfa7553e912a8e5ba87c",
                "sha256:f4f98b190bb918ac0bc0e3dd2ab74ff3573da9f43106f6dba6385406912ec00f",
                "sha256:f71f1a7e2d03758f6e957896ed696254e2bc83110ddbc6942018f1a232dd9dad",
                "sha256:fb944c8f0b0ab5c1f7846c686bc4cdf8cde7224655c12edcd59d5212cd57bec0"
            ],
            "index": "pypi",
            "version": "==0.23.4"
        },
        "parso": {
            "hashes": [
                "sha256:35704a43a3c113cce4de228ddb39aab374b8004f4f2407d070b6a2ca784ce8a2",
                "sha256:895c63e93b94ac1e1690f5fdd40b65f07c8171e3e53cbd7793b5b96c0e0a7f24"
            ],
            "version": "==0.3.1"
        },
        "pathlib2": {
            "hashes": [
                "sha256:8eb170f8d0d61825e09a95b38be068299ddeda82f35e96c3301a8a5e7604cb83",
                "sha256:d1aa2a11ba7b8f7b21ab852b1fb5afb277e1bb99d5dfc663380b5015c0d80c5a"
            ],
            "markers": "python_version < '3.6'",
            "version": "==2.3.2"
        },
        "pexpect": {
            "hashes": [
                "sha256:2a8e88259839571d1251d278476f3eec5db26deb73a70be5ed5dc5435e418aba",
                "sha256:3fbd41d4caf27fa4a377bfd16fef87271099463e6fa73e92a52f92dfee5d425b"
            ],
            "markers": "sys_platform != 'win32'",
            "version": "==4.6.0"
        },
        "phrasedml": {
            "hashes": [
                "sha256:0f183f97b1c4fe9bfeb231e280faf93d21b53b45562700ab768c84b42349b109",
                "sha256:217d5b4efaf70fb64c070b5117e6090e17f0fd68876295b25530c236884612aa",
                "sha256:32489fb4bd1268516b740d8f854db1cf3c57f549c9cae4934c6d972e339cdd84",
                "sha256:46b0f592f1c187a0a0aac68f533d77641d486794529aa54a1093e66f45e739a7",
                "sha256:534253b345e1ea47c82d71f9269d9a31b6c7a8ce8e0f65687d7c8b4a7431a5eb",
                "sha256:5f0ba25a29b14b07e64799d48671690cf6335e49f4e3e15681051b275c020e0f",
                "sha256:67b318f7cdaed3a9b9302d94112f19a81c213c1b7e2fadd11ea882bcb511a3e9",
                "sha256:772a1198bd4831b871226585d129a6af8356284bf2da30dace14bad312a28604",
                "sha256:7cac17d09680c371d1b357c20378e5930dfa8f08c0c5a38a142a3661f593d941",
                "sha256:7dc74080577b98fee31d3c8c8c5dbb76e2d19ece3bf9a21533de15d9e13579d1",
                "sha256:8ddec6dc1c5742b298bb1944eafda184039d3dcec2a5a2a4493639ab4fe912da",
                "sha256:a42abd3877459aa4f9b4e992ad6c70c822cbef31fa844e846044fa3a5503d637",
                "sha256:c7b093cfb433b84c4828b89cd94b92b6af9d52e71efc36d14357581fef52c84f",
                "sha256:eb7db9892e7125f72dee6e05d988168fa7b883b0f815435f788178f85c5c6850",
                "sha256:f68323d7b58a313b15f6994ee36f60b68355f5240b27b2b979dc26ac3dcf6cc3",
                "sha256:fbd5f93f4beca24fd2e5ef03ccb92b52ea1d6fbc029c69cb93ce6293a71b99d7"
            ],
            "version": "==1.0.9"
        },
        "pickleshare": {
            "hashes": [
                "sha256:87683d47965c1da65cdacaf31c8441d12b8044cdec9aca500cd78fc2c683afca",
                "sha256:9649af414d74d4df115d5d718f82acb59c9d418196b7b4290ed47a12ce62df56"
            ],
            "version": "==0.7.5"
        },
        "plotly": {
            "hashes": [
                "sha256:7e08fb1cb4b2c01f8c469816ae19707fcb4f4aaeef5305966eabf147569805df",
                "sha256:c1ea33ac3a89f02b86952249e97c82add9baa940f61d0f35f6182a9dbdf15e22"
            ],
            "index": "pypi",
            "version": "==3.4.0"
        },
        "pluggy": {
            "hashes": [
                "sha256:447ba94990e8014ee25ec853339faf7b0fc8050cdc3289d4d71f7f410fb90095",
                "sha256:bde19360a8ec4dfd8a20dcb811780a30998101f078fc7ded6162f0076f50508f"
            ],
            "version": "==0.8.0"
        },
        "prompt-toolkit": {
            "hashes": [
                "sha256:c1d6aff5252ab2ef391c2fe498ed8c088066f66bc64a8d5c095bbf795d9fec34",
                "sha256:d4c47f79b635a0e70b84fdb97ebd9a274203706b1ee5ed44c10da62755cf3ec9",
                "sha256:fd17048d8335c1e6d5ee403c3569953ba3eb8555d710bfc548faf0712666ea39"
            ],
            "version": "==2.0.7"
        },
        "psutil": {
            "hashes": [
                "sha256:1c19957883e0b93d081d41687089ad630e370e26dc49fd9df6951d6c891c4736",
                "sha256:1c71b9716790e202a00ab0931a6d1e25db1aa1198bcacaea2f5329f75d257fff",
                "sha256:3b7a4daf4223dae171a67a89314ac5ca0738e94064a78d99cfd751c55d05f315",
                "sha256:3e19be3441134445347af3767fa7770137d472a484070840eee6653b94ac5576",
                "sha256:6e265c8f3da00b015d24b842bfeb111f856b13d24f2c57036582568dc650d6c3",
                "sha256:809c9cef0402e3e48b5a1dddc390a8a6ff58b15362ea5714494073fa46c3d293",
                "sha256:b4d1b735bf5b120813f4c89db8ac22d89162c558cbd7fdd298866125fe906219",
                "sha256:bbffac64cfd01c6bcf90eb1bedc6c80501c4dae8aef4ad6d6dd49f8f05f6fc5a",
                "sha256:bfcea4f189177b2d2ce4a34b03c4ac32c5b4c22e21f5b093d9d315e6e253cd81"
            ],
            "version": "==5.4.8"
        },
        "ptyprocess": {
            "hashes": [
                "sha256:923f299cc5ad920c68f2bc0bc98b75b9f838b93b599941a6b63ddbc2476394c0",
                "sha256:d7cc528d76e76342423ca640335bd3633420dc1366f258cb31d05e865ef5ca1f"
            ],
            "version": "==0.6.0"
        },
        "py": {
            "hashes": [
                "sha256:bf92637198836372b520efcba9e020c330123be8ce527e535d185ed4b6f45694",
                "sha256:e76826342cefe3c3d5f7e8ee4316b80d1dd8a300781612ddbc765c17ba25a6c6"
            ],
            "version": "==1.7.0"
        },
        "pygments": {
            "hashes": [
                "sha256:78f3f434bcc5d6ee09020f92ba487f95ba50f1e3ef83ae96b9d5ffa1bab25c5d",
                "sha256:dbae1046def0efb574852fab9e90209b23f556367b5a320c0bcb871c77c3e8cc"
            ],
            "version": "==2.2.0"
        },
        "pyorbital": {
            "hashes": [
                "sha256:1b180290d9ff3b4234103c99043862688e14d4a124fdcfa4fcdf652d025bed6f"
            ],
            "index": "pypi",
            "version": "==1.4.0"
        },
        "pyparsing": {
            "hashes": [
                "sha256:40856e74d4987de5d01761a22d1621ae1c7f8774585acae358aa5c5936c6c90b",
                "sha256:f353aab21fd474459d97b709e527b5571314ee5f067441dc9f88e33eecd96592"
            ],
            "version": "==2.3.0"
        },
        "pytest": {
            "hashes": [
                "sha256:630ff1dbe04f469ee78faa5660f712e58b953da7df22ea5d828c9012e134da43",
                "sha256:a2b5232735dd0b736cbea9c0f09e5070d78fcaba2823a4f6f09d9a81bd19415c"
            ],
            "version": "==3.10.0"
        },
        "python-dateutil": {
            "hashes": [
                "sha256:063df5763652e21de43de7d9e00ccf239f953a832941e37be541614732cdfc93",
                "sha256:88f9287c0174266bb0d8cedd395cfba9c58e87e5ad86b2ce58859bc11be3cf02"
            ],
            "version": "==2.7.5"
        },
        "pytz": {
            "hashes": [
                "sha256:31cb35c89bd7d333cd32c5f278fca91b523b0834369e757f4c5641ea252236ca",
                "sha256:8e0f8568c118d3077b46be7d654cc8167fa916092e28320cde048e54bfc9f1e6"
            ],
            "version": "==2018.7"
        },
        "pyzmq": {
            "hashes": [
                "sha256:25a0715c8f69cf72f67cfe5a68a3f3ed391c67c063d2257bec0fe7fc2c7f08f8",
                "sha256:2bab63759632c6b9e0d5bf19cc63c3b01df267d660e0abcf230cf0afaa966349",
                "sha256:30ab49d99b24bf0908ebe1cdfa421720bfab6f93174e4883075b7ff38cc555ba",
                "sha256:32c7ca9fc547a91e3c26fc6080b6982e46e79819e706eb414dd78f635a65d946",
                "sha256:41219ae72b3cc86d97557fe5b1ef5d1adc1057292ec597b50050874a970a39cf",
                "sha256:4b8c48a9a13cea8f1f16622f9bd46127108af14cd26150461e3eab71e0de3e46",
                "sha256:55724997b4a929c0d01b43c95051318e26ddbae23565018e138ae2dc60187e59",
                "sha256:65f0a4afae59d4fc0aad54a917ab599162613a761b760ba167d66cc646ac3786",
                "sha256:6f88591a8b246f5c285ee6ce5c1bf4f6bd8464b7f090b1333a446b6240a68d40",
                "sha256:75022a4c60dcd8765bb9ca32f6de75a0ec83b0d96e0309dc479f4c7b21f26cb7",
                "sha256:76ea493bfab18dcb090d825f3662b5612e2def73dffc196d51a5194b0294a81d",
                "sha256:7b60c045b80709e4e3c085bab9b691e71761b44c2b42dbb047b8b498e7bc16b3",
                "sha256:8e6af2f736734aef8ed6f278f9f552ec7f37b1a6b98e59b887484a840757f67d",
                "sha256:9ac2298e486524331e26390eac14e4627effd3f8e001d4266ed9d8f1d2d31cce",
                "sha256:9ba650f493a9bc1f24feca1d90fce0e5dd41088a252ac9840131dfbdbf3815ca",
                "sha256:a02a4a385e394e46012dc83d2e8fd6523f039bb52997c1c34a2e0dd49ed839c1",
                "sha256:a3ceee84114d9f5711fa0f4db9c652af0e4636c89eabc9b7f03a3882569dd1ed",
                "sha256:a72b82ac1910f2cf61a49139f4974f994984475f771b0faa730839607eeedddf",
                "sha256:ab136ac51027e7c484c53138a0fab4a8a51e80d05162eb7b1585583bcfdbad27",
                "sha256:c095b224300bcac61e6c445e27f9046981b1ac20d891b2f1714da89d34c637c8",
                "sha256:c5cc52d16c06dc2521340d69adda78a8e1031705924e103c0eb8fc8af861d810",
                "sha256:d612e9833a89e8177f8c1dc68d7b4ff98d3186cd331acd616b01bbdab67d3a7b",
                "sha256:e828376a23c66c6fe90dcea24b4b72cd774f555a6ee94081670872918df87a19",
                "sha256:e9767c7ab2eb552796440168d5c6e23a99ecaade08dda16266d43ad461730192",
                "sha256:ebf8b800d42d217e4710d1582b0c8bff20cdcb4faad7c7213e52644034300924"
            ],
            "version": "==17.1.2"
        },
        "requests": {
            "hashes": [
                "sha256:99dcfdaaeb17caf6e526f32b6a7b780461512ab3f1d992187801694cba42770c",
                "sha256:a84b8c9ab6239b578f22d1c21d51b696dcfe004032bb80ea832398d6909d7279"
            ],
            "version": "==2.20.0"
        },
        "retrying": {
            "hashes": [
                "sha256:08c039560a6da2fe4f2c426d0766e284d3b736e355f8dd24b37367b0bb41973b"
            ],
            "version": "==1.3.3"
        },
        "rrplugins": {
            "hashes": [
                "sha256:3365a5fe984f51ba2f5a6f0ec95f2baa437b8f20e98e4d60e7a6b94dac2d7c67"
            ],
            "version": "==1.2.0"
        },
        "sbml2matlab": {
            "hashes": [
                "sha256:0d3f65a89ee49a5e01bfc4c2940508ff29b262051cdd0e2ef1dd5a5f3e272f63",
                "sha256:1ca159f53f52333ba5526865fd5f79c969847e925a7aa9f6d98dd868d67f48c5",
                "sha256:255dd422903922b5581870747a913655fd0de573a01fbb6e9bc4e7df248aeede",
                "sha256:2a6c14d26917cf67941505d9591c914c18ac1ba232db356c03ace7e0a83afda0",
                "sha256:40f2cce8c99023269feeb25964786719e14e33cf6dcb7b889e50580c4f27f0a0",
                "sha256:41eb29f57270aec7222eebd0ee085b0c65eb90140b5e6ecd82377fac2691a801",
                "sha256:4e60668685260d6bbc7fe6cabf147d7cc9c122e95e46c732d977386b0082c926",
                "sha256:59794b6c6bc89b148917e72aa87b3701e7908d0f16a1e86578bcfa42e0628bc6",
                "sha256:6e589647142eef91c5ef53f93b00eaf796d08f63c1b24942e4d85f7472c2010f",
                "sha256:8d6f4a79a9f421da9feccec5931753c90618b1e0cfb235165a6f817bf3341fd0",
                "sha256:93a89e1c05b8e77f685eb9e60812ca3ba37b289884442228701af4d788255ad0",
                "sha256:9be5dd6ff0e33eb82ddf851a41beb1901205a418a7b957af8082a324c521a4c2",
                "sha256:a36892db1c86a99e1db6266a1fb92846e50c04b1846030e8c3913fe62ad9af7f",
                "sha256:adcc637bde0b895530aad98da0ea60437c842d543f3833c28fd018574d6ec9f1",
                "sha256:e75c24c65272e59146ed9d67aaca0adeca40eb6b0c7751097c61c5dd1ca8f6fb",
                "sha256:ef017a57e9f92406cfa9df092dc6416f1f8ff833781a32b3062f8f98f460dcef"
            ],
            "version": "==0.9.1"
        },
        "scandir": {
            "hashes": [
                "sha256:04b8adb105f2ed313a7c2ef0f1cf7aff4871aa7a1883fa4d8c44b5551ab052d6",
                "sha256:1444134990356c81d12f30e4b311379acfbbcd03e0bab591de2696a3b126d58e",
                "sha256:1b5c314e39f596875e5a95dd81af03730b338c277c54a454226978d5ba95dbb6",
                "sha256:346619f72eb0ddc4cf355ceffd225fa52506c92a2ff05318cfabd02a144e7c4e",
                "sha256:44975e209c4827fc18a3486f257154d34ec6eaec0f90fef0cca1caa482db7064",
                "sha256:61859fd7e40b8c71e609c202db5b0c1dbec0d5c7f1449dec2245575bdc866792",
                "sha256:a5e232a0bf188362fa00123cc0bb842d363a292de7126126df5527b6a369586a",
                "sha256:c14701409f311e7a9b7ec8e337f0815baf7ac95776cc78b419a1e6d49889a383",
                "sha256:c7708f29d843fc2764310732e41f0ce27feadde453261859ec0fca7865dfc41b",
                "sha256:c9009c527929f6e25604aec39b0a43c3f831d2947d89d6caaab22f057b7055c8",
                "sha256:f5c71e29b4e2af7ccdc03a020c626ede51da471173b4a6ad1e904f2b2e04b4bd"
            ],
            "markers": "python_version < '3.5'",
            "version": "==1.9.0"
        },
        "scipy": {
            "hashes": [
                "sha256:0611ee97296265af4a21164a5323f8c1b4e8e15c582d3dfa7610825900136bb7",
                "sha256:08237eda23fd8e4e54838258b124f1cd141379a5f281b0a234ca99b38918c07a",
                "sha256:0e645dbfc03f279e1946cf07c9c754c2a1859cb4a41c5f70b25f6b3a586b6dbd",
                "sha256:0e9bb7efe5f051ea7212555b290e784b82f21ffd0f655405ac4f87e288b730b3",
                "sha256:108c16640849e5827e7d51023efb3bd79244098c3f21e4897a1007720cb7ce37",
                "sha256:340ef70f5b0f4e2b4b43c8c8061165911bc6b2ad16f8de85d9774545e2c47463",
                "sha256:3ad73dfc6f82e494195144bd3a129c7241e761179b7cb5c07b9a0ede99c686f3",
                "sha256:3b243c77a822cd034dad53058d7c2abf80062aa6f4a32e9799c95d6391558631",
                "sha256:404a00314e85eca9d46b80929571b938e97a143b4f2ddc2b2b3c91a4c4ead9c5",
                "sha256:423b3ff76957d29d1cce1bc0d62ebaf9a3fdfaf62344e3fdec14619bb7b5ad3a",
                "sha256:42d9149a2fff7affdd352d157fa5717033767857c11bd55aa4a519a44343dfef",
                "sha256:625f25a6b7d795e8830cb70439453c9f163e6870e710ec99eba5722775b318f3",
                "sha256:698c6409da58686f2df3d6f815491fd5b4c2de6817a45379517c92366eea208f",
                "sha256:729f8f8363d32cebcb946de278324ab43d28096f36593be6281ca1ee86ce6559",
                "sha256:8190770146a4c8ed5d330d5b5ad1c76251c63349d25c96b3094875b930c44692",
                "sha256:878352408424dffaa695ffedf2f9f92844e116686923ed9aa8626fc30d32cfd1",
                "sha256:8b984f0821577d889f3c7ca8445564175fb4ac7c7f9659b7c60bef95b2b70e76",
                "sha256:8f841bbc21d3dad2111a94c490fb0a591b8612ffea86b8e5571746ae76a3deac",
                "sha256:c22b27371b3866c92796e5d7907e914f0e58a36d3222c5d436ddd3f0e354227a",
                "sha256:d0cdd5658b49a722783b8b4f61a6f1f9c75042d0e29a30ccb6cacc9b25f6d9e2",
                "sha256:d40dc7f494b06dcee0d303e51a00451b2da6119acbeaccf8369f2d29e28917ac",
                "sha256:d8491d4784aceb1f100ddb8e31239c54e4afab8d607928a9f7ef2469ec35ae01",
                "sha256:dfc5080c38dde3f43d8fbb9c0539a7839683475226cf83e4b24363b227dfe552",
                "sha256:e24e22c8d98d3c704bb3410bce9b69e122a8de487ad3dbfe9985d154e5c03a40",
                "sha256:e7a01e53163818d56eabddcafdc2090e9daba178aad05516b20c6591c4811020",
                "sha256:ee677635393414930541a096fc8e61634304bb0153e4e02b75685b11eba14cae",
                "sha256:f0521af1b722265d824d6ad055acfe9bd3341765735c44b5a4d0069e189a0f40",
                "sha256:f25c281f12c0da726c6ed00535ca5d1622ec755c30a3f8eafef26cf43fede694"
            ],
            "version": "==1.1.0"
        },
        "six": {
            "hashes": [
                "sha256:70e8a77beed4562e7f14fe23a786b54f6296e34344c23bc42f07b15018ff98e9",
                "sha256:832dc0e10feb1aa2c68dcc57dbb658f1c7e65b9b61af69048abc87a2db00a0eb"
            ],
            "version": "==1.11.0"
        },
        "tecombine": {
            "hashes": [
                "sha256:02aa7b2058a74d732193c3c71c244e57f8b448ae5715a66929e629b9740bdfba",
                "sha256:0d388e862e0fbcd501c6ee47bfe15d1112aa49582273b915a51db3d59b4ce756",
                "sha256:166300d40b6a6bdf48fc2b6aca7fbc4b8518f0540dfcdc0e7a1b42103362f338",
                "sha256:1dafd97617701a8bc30e20992e537d671d67c518d7182e02a74faca2c3f06c4d",
                "sha256:344037f1f7803e7f1673cbc2be7344dcd21059b7f5c660b644d397a07b403f29",
                "sha256:38cc639129060cd5d6eed03dab1fb8c6a7346c3666dfbdb2fe8ed263ef998935",
                "sha256:39d5a16c04caf60b67a4e936668793e2d399863dd8a76512569f90d2490f0a26",
                "sha256:3df8164938c9cd48cba86b207e066d2830b5e128eb4d9215a199f5d66a0afe48",
                "sha256:56dec32226db709a82f6d2c9637156195741a9f8be3ebcfc0fcc28e727d3c048",
                "sha256:614af72c2dd48bad3b3a3b08a2c06eb3aea6f456f4aefa4cf890d44214c37294",
                "sha256:79b2d8b345c46703574492fdcea1bc317278942b7a21b53430f5422c0fe0561f",
                "sha256:95b026a7140ebdc685ed78448c61cdd597bd7dafac37a8a77f23d25a0f0af8f0",
                "sha256:afcbc9d4d8b948408c011e43aa61d66a674e4e1b0bbb13f97c2bf7b128b00292",
                "sha256:ca4c7dbd089298751ab0b2409cde7c024eb272b794f7aa699e36375a8c3cb52d",
                "sha256:d48737275243be7d8427084a36da0f797af6d590daa5bf2acd42710845cb4fee",
                "sha256:f61175bf96196ac93fbbd73fb8f8ceb19cfde2b8b5c23fde88bae4c5a775c800"
            ],
            "version": "==0.2.2.1"
        },
        "tellurium": {
            "hashes": [
                "sha256:ee1672544ca30e0514193a681a813f90d8eb5111035985b381ef29c69e0a5acd"
            ],
            "index": "pypi",
            "version": "==2.1.3"
        },
        "tenuml": {
            "hashes": [
                "sha256:181a3133a2981deaedfd9b655404462cb4ca68d52e6d7379c506d9c91c127df9",
                "sha256:25db296121c8d89dbd20bb8b9578267e4b6630e8cb2d1f5ee862f0cb6a62cc37",
                "sha256:2cc74b6e442d34e4431c20a1ada501ab7e00d36114b774cfa4955c01431155b2",
                "sha256:3d18eda5a9d8501b576a5083bcffcfef8231ecbe1031d956e5d478d7f6330540",
                "sha256:3d62458f6f94f59917bcf0763d8d7ac41988b57789a94b071519d40bd60c3f2c",
                "sha256:4ef70ec3c4b3fd075232f5711cf489e13b6feacc14e1b35205f3e333b5a67f45",
                "sha256:6c95cd17adcda0cf546fdce1c6fc7461b12adfa40dd842b1116b97ba31526113",
                "sha256:9af8e7e8a40ece47e3da23e44f95e21eb094559b260780e4e4db04bd0ffffdb0",
                "sha256:a0c055070af78b2c2bffc7224ae52d67c594dc9f894546e82d4db3a0cd6f5abc",
                "sha256:b29897919018321a1f94dd491c688e2d8c70cfc7ff02d8032c7af36ca043a9f5",
                "sha256:b7d242c2697d59612407f2f70a4272cbdc73abe3937e63c03b28cc7e9e1d1213",
                "sha256:d6e31663de3fdf208369a6482b978fb4e51c0f3e4b797de9b1f47d11845ea431",
                "sha256:f6345c6d2883fcf1bcb3206da58240c5ab619f8bb80e0a2e4dc3c0e3a3ca1b58",
                "sha256:f96e0083d8e486b209bcb626eff346496f5987d8b2e1cd1b332e264803018f21",
                "sha256:fa843c13c9b57daca53b2cad948de145e0180bf5a8aa2e5676d0475b1d866873",
                "sha256:fe9439f4258b68b567e184f95a7ecf38cc799b3ed954fd0cef848b444944db8a"
            ],
            "version": "==1.1.1"
        },
        "tesbml": {
            "hashes": [
                "sha256:2bbff29ee82bc9ab492e7e8e18d21212ec6502533ad43ba8a376801c05ee266c",
                "sha256:3bb3dc9e308993eaa85c8cb006a8b86e50cf7e29513ded1f7227f9340ca34ffe",
                "sha256:54b5d35c16b308a12bd6f1519e6bcebe7f9a84403ad03a9262ca2dbc53dd1f3e",
                "sha256:6d1ccac3853674f0dfbbba90ad3fee6a60baa99d091a3b146d8ad373acfa7ac9",
                "sha256:72d667315a8c2b5ed06e7fbadf2dc09c8b2738bc8cb427f6c69e318866ae72ae",
                "sha256:91fcbb692bafa345ac73529dbe93e4a48e618d23d6e035ace739015c4a6de9da",
                "sha256:a37152f34aa33da7f25b68f46fdd96ec210b16d8e7174db8ba612cddc6e5a5b3",
                "sha256:a996e82abd97d76cd15129935ffa421116402a52cea4e1500ed5ca799a42ce1d",
                "sha256:af58d4e19ee026c66b4ac9b58f579fd7fb0c037e869728c5bb0c3f2eecb197ad",
                "sha256:b4c8d9b524ea36a8af5c600f2dddc9e033ae34ce64aaccb87010f66453e9191c",
                "sha256:b4f0fab8f443f2ed88d365855588b24a3d1784d7e70e6c49a782a0f661ecee31",
                "sha256:c2e41dd004fe75d0b8f6016af93d00f84e10df484a1c0b78a6154796b6a5319a",
                "sha256:cff05f7d627878ad16e989426cfe0a5f6e0411d640ee157eb1a4c2f3825abb6b",
                "sha256:dbab146d07cb539d8908ffebb32ff1f604a66868395399b6d485a5c996677c6b",
                "sha256:f673e766d501606860a6efffe11a737e33cfa886b6cf94aaeadf30a72afeb21c",
                "sha256:f85b92e3d62bb81f5c64c10830d9eed129c3b99340d3335cc510f423fd39114a"
            ],
            "version": "==5.15.0.1"
        },
        "tesedml": {
            "hashes": [
                "sha256:12d9b0b6ef3a2c4cb6cb5f927d7f676f907e75d84a78162235f25920e3af953f",
                "sha256:1804fc5ae1bf4bab6bdc20ca3deb026e309b22b368af280bd1ebb616b9dba330",
                "sha256:393051df59fb6d1ef838449cd0666c322a59b5e542bda5e967975d1b59b4fa78",
                "sha256:4470ef0be2b481518af4ae32b888d58b908e640e60bc2be6f68d919b1dd4c753",
                "sha256:4a444d6986cf73ad35d81f5754cce0259dfd767b3f73008717b25103cf6fdef1",
                "sha256:70e615fc31a8b9c15f57195b6057feb95ec2003e472944fd08f602f537198b63",
                "sha256:8358df2e9004cf2a037e3bf2b35d7077c974cb8fb66249fbc076aa88a98fe682",
                "sha256:8682644fc7fd4505fa94188d4c9d0961fdf8e9af32bfb8df66ee3cea44750a20",
                "sha256:93ceff3529119c20523e4554d2314b3a899077d1ea2ece90a8b64068aa9937d9",
                "sha256:98a2784c969d073abaa2b6bf1d658b58ac6107ff1da0062ba3ed4ea95be03867",
                "sha256:a216cd964655242d57fa0cc894d897a29b37e6e833e707fe95ee36f6828e9d89",
                "sha256:c58b43ed2e3038a1a1db074cd0c7062c0b7b858c444ede62be79c858f35d4464",
                "sha256:d3b69add642870a03e071258bd34d7331c57b6ec5c3686dff029814db38c68ec",
                "sha256:dae9782a432cc422c127cb3273fecf6fbcffc218f6b0433d855c92c7740554e2",
                "sha256:dc7e08a8d6c8d9f311578f3d289b7908a79831c9cb915ee648bda1afba16b57a",
                "sha256:e367388405473dab6c1fe70938057b937baf57cf4b54b81628becbdc9f7583c3"
            ],
            "version": "==0.4.3"
        },
        "tornado": {
            "hashes": [
                "sha256:0662d28b1ca9f67108c7e3b77afabfb9c7e87bde174fbda78186ecedc2499a9d",
                "sha256:4e5158d97583502a7e2739951553cbd88a72076f152b4b11b64b9a10c4c49409",
                "sha256:732e836008c708de2e89a31cb2fa6c0e5a70cb60492bee6f1ea1047500feaf7f",
                "sha256:8154ec22c450df4e06b35f131adc4f2f3a12ec85981a203301d310abf580500f",
                "sha256:8e9d728c4579682e837c92fdd98036bd5cdefa1da2aaf6acf26947e6dd0c01c5",
                "sha256:d4b3e5329f572f055b587efc57d29bd051589fb5a43ec8898c77a47ec2fa2bbb",
                "sha256:e5f2585afccbff22390cddac29849df463b252b711aa2ce7c5f3f342a5b3b444"
            ],
            "version": "==5.1.1"
        },
        "traitlets": {
            "hashes": [
                "sha256:9c4bd2d267b7153df9152698efb1050a5d84982d3384a37b2c1f7723ba3e7835",
                "sha256:c6cb5e6f57c5a9bdaa40fa71ce7b4af30298fbab9ece9815b5d995ab6217c7d9"
            ],
            "version": "==4.3.2"
        },
        "urllib3": {
            "hashes": [
                "sha256:61bf29cada3fc2fbefad4fdf059ea4bd1b4a86d2b6d15e1c7c0b582b9752fe39",
                "sha256:de9529817c93f27c8ccbfead6985011db27bd0ddfcdb2d86f3f663385c6a9c22"
            ],
            "version": "==1.24.1"
        },
        "wcwidth": {
            "hashes": [
                "sha256:3df37372226d6e63e1b1e1eda15c594bca98a22d33a23832a90998faa96bc65e",
                "sha256:f4ebe71925af7b40a864553f761ed559b43544f8f71746c2d756c7fe788ade7c"
            ],
            "version": "==0.1.7"
        },
        "werkzeug": {
            "hashes": [
                "sha256:c3fd7a7d41976d9f44db327260e263132466836cef6f91512889ed60ad26557c",
                "sha256:d5da73735293558eb1651ee2fddc4d0dedcfa06538b8813a2e20011583c9e49b"
            ],
            "version": "==0.14.1"
        },
        "xlrd": {
            "hashes": [
                "sha256:83a1d2f1091078fb3f65876753b5302c5cfb6a41de64b9587b74cefa75157148",
                "sha256:8a21885513e6d915fe33a8ee5fdfa675433b61405ba13e2a69e62ee36828d7e2"
            ],
            "index": "pypi",
            "version": "==1.1.0"
        },
        "xlwings": {
            "hashes": [
                "sha256:41e14cdfe9ba2f6ca4de38b7e9fff2b39521b248b427f7083cc89ef1cd86adbc"
            ],
            "index": "pypi",
            "version": "==0.13.0"
        }
    },
    "develop": {}
}
